// !$*UTF8*$!
{
	archiveVersion = 1;
	classes = {
	};
	objectVersion = 50;
	objects = {

/* Begin PBXBuildFile section */
		96514ED3243C9B57009A13B3 /* GoogleService-Info.plist in Resources */ = {isa = PBXBuildFile; fileRef = 96514ED2243C9B57009A13B3 /* GoogleService-Info.plist */; };
		96C58059243A73FF008CB517 /* AppDelegate.swift in Sources */ = {isa = PBXBuildFile; fileRef = 96C58058243A73FF008CB517 /* AppDelegate.swift */; };
		96C5805B243A73FF008CB517 /* SceneDelegate.swift in Sources */ = {isa = PBXBuildFile; fileRef = 96C5805A243A73FF008CB517 /* SceneDelegate.swift */; };
		96C5805D243A73FF008CB517 /* ViewController.swift in Sources */ = {isa = PBXBuildFile; fileRef = 96C5805C243A73FF008CB517 /* ViewController.swift */; };
		96C58060243A73FF008CB517 /* Main.storyboard in Resources */ = {isa = PBXBuildFile; fileRef = 96C5805E243A73FF008CB517 /* Main.storyboard */; };
		96C58062243A7401008CB517 /* Assets.xcassets in Resources */ = {isa = PBXBuildFile; fileRef = 96C58061243A7401008CB517 /* Assets.xcassets */; };
		96C58065243A7401008CB517 /* LaunchScreen.storyboard in Resources */ = {isa = PBXBuildFile; fileRef = 96C58063243A7401008CB517 /* LaunchScreen.storyboard */; };
		96C5806E243B5865008CB517 /* LogInViewController.swift in Sources */ = {isa = PBXBuildFile; fileRef = 96C5806D243B5865008CB517 /* LogInViewController.swift */; };
		96C58070243B5881008CB517 /* SignUpViewController.swift in Sources */ = {isa = PBXBuildFile; fileRef = 96C5806F243B5881008CB517 /* SignUpViewController.swift */; };
		96C58072243BBA84008CB517 /* HomeUIViewController.swift in Sources */ = {isa = PBXBuildFile; fileRef = 96C58071243BBA84008CB517 /* HomeUIViewController.swift */; };
/* End PBXBuildFile section */

/* Begin PBXFileReference section */
		96514ED2243C9B57009A13B3 /* GoogleService-Info.plist */ = {isa = PBXFileReference; fileEncoding = 4; lastKnownFileType = text.plist.xml; path = "GoogleService-Info.plist"; sourceTree = "<group>"; };
		96C58055243A73FF008CB517 /* TaskManageriOS.app */ = {isa = PBXFileReference; explicitFileType = wrapper.application; includeInIndex = 0; path = TaskManageriOS.app; sourceTree = BUILT_PRODUCTS_DIR; };
		96C58058243A73FF008CB517 /* AppDelegate.swift */ = {isa = PBXFileReference; lastKnownFileType = sourcecode.swift; path = AppDelegate.swift; sourceTree = "<group>"; };
		96C5805A243A73FF008CB517 /* SceneDelegate.swift */ = {isa = PBXFileReference; lastKnownFileType = sourcecode.swift; path = SceneDelegate.swift; sourceTree = "<group>"; };
		96C5805C243A73FF008CB517 /* ViewController.swift */ = {isa = PBXFileReference; lastKnownFileType = sourcecode.swift; path = ViewController.swift; sourceTree = "<group>"; };
		96C5805F243A73FF008CB517 /* Base */ = {isa = PBXFileReference; lastKnownFileType = file.storyboard; name = Base; path = Base.lproj/Main.storyboard; sourceTree = "<group>"; };
		96C58061243A7401008CB517 /* Assets.xcassets */ = {isa = PBXFileReference; lastKnownFileType = folder.assetcatalog; path = Assets.xcassets; sourceTree = "<group>"; };
		96C58064243A7401008CB517 /* Base */ = {isa = PBXFileReference; lastKnownFileType = file.storyboard; name = Base; path = Base.lproj/LaunchScreen.storyboard; sourceTree = "<group>"; };
		96C58066243A7401008CB517 /* Info.plist */ = {isa = PBXFileReference; lastKnownFileType = text.plist.xml; path = Info.plist; sourceTree = "<group>"; };
		96C5806D243B5865008CB517 /* LogInViewController.swift */ = {isa = PBXFileReference; lastKnownFileType = sourcecode.swift; path = LogInViewController.swift; sourceTree = "<group>"; };
		96C5806F243B5881008CB517 /* SignUpViewController.swift */ = {isa = PBXFileReference; lastKnownFileType = sourcecode.swift; path = SignUpViewController.swift; sourceTree = "<group>"; };
		96C58071243BBA84008CB517 /* HomeUIViewController.swift */ = {isa = PBXFileReference; lastKnownFileType = sourcecode.swift; path = HomeUIViewController.swift; sourceTree = "<group>"; };
/* End PBXFileReference section */

/* Begin PBXFrameworksBuildPhase section */
		96C58052243A73FF008CB517 /* Frameworks */ = {
			isa = PBXFrameworksBuildPhase;
			buildActionMask = 2147483647;
			files = (
			);
			runOnlyForDeploymentPostprocessing = 0;
		};
/* End PBXFrameworksBuildPhase section */

/* Begin PBXGroup section */
		96C5804C243A73FF008CB517 = {
			isa = PBXGroup;
			children = (
				96C58057243A73FF008CB517 /* TaskManageriOS */,
				96C58056243A73FF008CB517 /* Products */,
			);
			sourceTree = "<group>";
		};
		96C58056243A73FF008CB517 /* Products */ = {
			isa = PBXGroup;
			children = (
				96C58055243A73FF008CB517 /* TaskManageriOS.app */,
			);
			name = Products;
			sourceTree = "<group>";
		};
		96C58057243A73FF008CB517 /* TaskManageriOS */ = {
			isa = PBXGroup;
			children = (
				96C5806C243B583F008CB517 /* View Controller */,
				96C58058243A73FF008CB517 /* AppDelegate.swift */,
				96C5805A243A73FF008CB517 /* SceneDelegate.swift */,
				96C5805E243A73FF008CB517 /* Main.storyboard */,
				96514ED2243C9B57009A13B3 /* GoogleService-Info.plist */,
				96C58061243A7401008CB517 /* Assets.xcassets */,
				96C58063243A7401008CB517 /* LaunchScreen.storyboard */,
				96C58066243A7401008CB517 /* Info.plist */,
			);
			path = TaskManageriOS;
			sourceTree = "<group>";
		};
		96C5806C243B583F008CB517 /* View Controller */ = {
			isa = PBXGroup;
			children = (
				96C5805C243A73FF008CB517 /* ViewController.swift */,
				96C5806D243B5865008CB517 /* LogInViewController.swift */,
				96C5806F243B5881008CB517 /* SignUpViewController.swift */,
				96C58071243BBA84008CB517 /* HomeUIViewController.swift */,
			);
			path = "View Controller";
			sourceTree = "<group>";
		};
/* End PBXGroup section */

/* Begin PBXNativeTarget section */
		96C58054243A73FF008CB517 /* TaskManageriOS */ = {
			isa = PBXNativeTarget;
			buildConfigurationList = 96C58069243A7401008CB517 /* Build configuration list for PBXNativeTarget "TaskManageriOS" */;
			buildPhases = (
				96C58051243A73FF008CB517 /* Sources */,
				96C58052243A73FF008CB517 /* Frameworks */,
				96C58053243A73FF008CB517 /* Resources */,
			);
			buildRules = (
			);
			dependencies = (
			);
			name = TaskManageriOS;
			productName = TaskManageriOS;
			productReference = 96C58055243A73FF008CB517 /* TaskManageriOS.app */;
			productType = "com.apple.product-type.application";
		};
/* End PBXNativeTarget section */

/* Begin PBXProject section */
		96C5804D243A73FF008CB517 /* Project object */ = {
			isa = PBXProject;
			attributes = {
				LastSwiftUpdateCheck = 1130;
				LastUpgradeCheck = 1130;
				ORGANIZATIONNAME = "Sanviraj Zahin Haque";
				TargetAttributes = {
					96C58054243A73FF008CB517 = {
						CreatedOnToolsVersion = 11.3;
					};
				};
			};
			buildConfigurationList = 96C58050243A73FF008CB517 /* Build configuration list for PBXProject "TaskManageriOS" */;
			compatibilityVersion = "Xcode 9.3";
			developmentRegion = en;
			hasScannedForEncodings = 0;
			knownRegions = (
				en,
				Base,
			);
			mainGroup = 96C5804C243A73FF008CB517;
			productRefGroup = 96C58056243A73FF008CB517 /* Products */;
			projectDirPath = "";
			projectRoot = "";
			targets = (
				96C58054243A73FF008CB517 /* TaskManageriOS */,
			);
		};
/* End PBXProject section */

/* Begin PBXResourcesBuildPhase section */
		96C58053243A73FF008CB517 /* Resources */ = {
			isa = PBXResourcesBuildPhase;
			buildActionMask = 2147483647;
			files = (
				96C58065243A7401008CB517 /* LaunchScreen.storyboard in Resources */,
				96514ED3243C9B57009A13B3 /* GoogleService-Info.plist in Resources */,
				96C58062243A7401008CB517 /* Assets.xcassets in Resources */,
				96C58060243A73FF008CB517 /* Main.storyboard in Resources */,
			);
			runOnlyForDeploymentPostprocessing = 0;
		};
/* End PBXResourcesBuildPhase section */

/* Begin PBXSourcesBuildPhase section */
		96C58051243A73FF008CB517 /* Sources */ = {
			isa = PBXSourcesBuildPhase;
			buildActionMask = 2147483647;
			files = (
				96C5806E243B5865008CB517 /* LogInViewController.swift in Sources */,
				96C5805D243A73FF008CB517 /* ViewController.swift in Sources */,
				96C58059243A73FF008CB517 /* AppDelegate.swift in Sources */,
				96C58072243BBA84008CB517 /* HomeUIViewController.swift in Sources */,
				96C5805B243A73FF008CB517 /* SceneDelegate.swift in Sources */,
				96C58070243B5881008CB517 /* SignUpViewController.swift in Sources */,
			);
			runOnlyForDeploymentPostprocessing = 0;
		};
/* End PBXSourcesBuildPhase section */

/* Begin PBXVariantGroup section */
		96C5805E243A73FF008CB517 /* Main.storyboard */ = {
			isa = PBXVariantGroup;
			children = (
				96C5805F243A73FF008CB517 /* Base */,
			);
			name = Main.storyboard;
			sourceTree = "<group>";
		};
		96C58063243A7401008CB517 /* LaunchScreen.storyboard */ = {
			isa = PBXVariantGroup;
			children = (
				96C58064243A7401008CB517 /* Base */,
			);
			name = LaunchScreen.storyboard;
			sourceTree = "<group>";
		};
/* End PBXVariantGroup section */

/* Begin XCBuildConfiguration section */
		96C58067243A7401008CB517 /* Debug */ = {
			isa = XCBuildConfiguration;
			buildSettings = {
				ALWAYS_SEARCH_USER_PATHS = NO;
				CLANG_ANALYZER_NONNULL = YES;
				CLANG_ANALYZER_NUMBER_OBJECT_CONVERSION = YES_AGGRESSIVE;
				CLANG_CXX_LANGUAGE_STANDARD = "gnu++14";
				CLANG_CXX_LIBRARY = "libc++";
				CLANG_ENABLE_MODULES = YES;
				CLANG_ENABLE_OBJC_ARC = YES;
				CLANG_ENABLE_OBJC_WEAK = YES;
				CLANG_WARN_BLOCK_CAPTURE_AUTORELEASING = YES;
				CLANG_WARN_BOOL_CONVERSION = YES;
				CLANG_WARN_COMMA = YES;
				CLANG_WARN_CONSTANT_CONVERSION = YES;
				CLANG_WARN_DEPRECATED_OBJC_IMPLEMENTATIONS = YES;
				CLANG_WARN_DIRECT_OBJC_ISA_USAGE = YES_ERROR;
				CLANG_WARN_DOCUMENTATION_COMMENTS = YES;
				CLANG_WARN_EMPTY_BODY = YES;
				CLANG_WARN_ENUM_CONVERSION = YES;
				CLANG_WARN_INFINITE_RECURSION = YES;
				CLANG_WARN_INT_CONVERSION = YES;
				CLANG_WARN_NON_LITERAL_NULL_CONVERSION = YES;
				CLANG_WARN_OBJC_IMPLICIT_RETAIN_SELF = YES;
				CLANG_WARN_OBJC_LITERAL_CONVERSION = YES;
				CLANG_WARN_OBJC_ROOT_CLASS = YES_ERROR;
				CLANG_WARN_RANGE_LOOP_ANALYSIS = YES;
				CLANG_WARN_STRICT_PROTOTYPES = YES;
				CLANG_WARN_SUSPICIOUS_MOVE = YES;
				CLANG_WARN_UNGUARDED_AVAILABILITY = YES_AGGRESSIVE;
				CLANG_WARN_UNREACHABLE_CODE = YES;
				CLANG_WARN__DUPLICATE_METHOD_MATCH = YES;
				COPY_PHASE_STRIP = NO;
				DEBUG_INFORMATION_FORMAT = dwarf;
				ENABLE_STRICT_OBJC_MSGSEND = YES;
				ENABLE_TESTABILITY = YES;
				GCC_C_LANGUAGE_STANDARD = gnu11;
				GCC_DYNAMIC_NO_PIC = NO;
				GCC_NO_COMMON_BLOCKS = YES;
				GCC_OPTIMIZATION_LEVEL = 0;
				GCC_PREPROCESSOR_DEFINITIONS = (
					"DEBUG=1",
					"$(inherited)",
				);
				GCC_WARN_64_TO_32_BIT_CONVERSION = YES;
				GCC_WARN_ABOUT_RETURN_TYPE = YES_ERROR;
				GCC_WARN_UNDECLARED_SELECTOR = YES;
				GCC_WARN_UNINITIALIZED_AUTOS = YES_AGGRESSIVE;
				GCC_WARN_UNUSED_FUNCTION = YES;
				GCC_WARN_UNUSED_VARIABLE = YES;
				IPHONEOS_DEPLOYMENT_TARGET = 13.2;
				MTL_ENABLE_DEBUG_INFO = INCLUDE_SOURCE;
				MTL_FAST_MATH = YES;
				ONLY_ACTIVE_ARCH = YES;
				SDKROOT = iphoneos;
				SWIFT_ACTIVE_COMPILATION_CONDITIONS = DEBUG;
				SWIFT_OPTIMIZATION_LEVEL = "-Onone";
			};
			name = Debug;
		};
		96C58068243A7401008CB517 /* Release */ = {
			isa = XCBuildConfiguration;
			buildSettings = {
				ALWAYS_SEARCH_USER_PATHS = NO;
				CLANG_ANALYZER_NONNULL = YES;
				CLANG_ANALYZER_NUMBER_OBJECT_CONVERSION = YES_AGGRESSIVE;
				CLANG_CXX_LANGUAGE_STANDARD = "gnu++14";
				CLANG_CXX_LIBRARY = "libc++";
				CLANG_ENABLE_MODULES = YES;
				CLANG_ENABLE_OBJC_ARC = YES;
				CLANG_ENABLE_OBJC_WEAK = YES;
				CLANG_WARN_BLOCK_CAPTURE_AUTORELEASING = YES;
				CLANG_WARN_BOOL_CONVERSION = YES;
				CLANG_WARN_COMMA = YES;
				CLANG_WARN_CONSTANT_CONVERSION = YES;
				CLANG_WARN_DEPRECATED_OBJC_IMPLEMENTATIONS = YES;
				CLANG_WARN_DIRECT_OBJC_ISA_USAGE = YES_ERROR;
				CLANG_WARN_DOCUMENTATION_COMMENTS = YES;
				CLANG_WARN_EMPTY_BODY = YES;
				CLANG_WARN_ENUM_CONVERSION = YES;
				CLANG_WARN_INFINITE_RECURSION = YES;
				CLANG_WARN_INT_CONVERSION = YES;
				CLANG_WARN_NON_LITERAL_NULL_CONVERSION = YES;
				CLANG_WARN_OBJC_IMPLICIT_RETAIN_SELF = YES;
				CLANG_WARN_OBJC_LITERAL_CONVERSION = YES;
				CLANG_WARN_OBJC_ROOT_CLASS = YES_ERROR;
				CLANG_WARN_RANGE_LOOP_ANALYSIS = YES;
				CLANG_WARN_STRICT_PROTOTYPES = YES;
				CLANG_WARN_SUSPICIOUS_MOVE = YES;
				CLANG_WARN_UNGUARDED_AVAILABILITY = YES_AGGRESSIVE;
				CLANG_WARN_UNREACHABLE_CODE = YES;
				CLANG_WARN__DUPLICATE_METHOD_MATCH = YES;
				COPY_PHASE_STRIP = NO;
				DEBUG_INFORMATION_FORMAT = "dwarf-with-dsym";
				ENABLE_NS_ASSERTIONS = NO;
				ENABLE_STRICT_OBJC_MSGSEND = YES;
				GCC_C_LANGUAGE_STANDARD = gnu11;
				GCC_NO_COMMON_BLOCKS = YES;
				GCC_WARN_64_TO_32_BIT_CONVERSION = YES;
				GCC_WARN_ABOUT_RETURN_TYPE = YES_ERROR;
				GCC_WARN_UNDECLARED_SELECTOR = YES;
				GCC_WARN_UNINITIALIZED_AUTOS = YES_AGGRESSIVE;
				GCC_WARN_UNUSED_FUNCTION = YES;
				GCC_WARN_UNUSED_VARIABLE = YES;
				IPHONEOS_DEPLOYMENT_TARGET = 13.2;
				MTL_ENABLE_DEBUG_INFO = NO;
				MTL_FAST_MATH = YES;
				SDKROOT = iphoneos;
				SWIFT_COMPILATION_MODE = wholemodule;
				SWIFT_OPTIMIZATION_LEVEL = "-O";
				VALIDATE_PRODUCT = YES;
			};
			name = Release;
		};
		96C5806A243A7401008CB517 /* Debug */ = {
			isa = XCBuildConfiguration;
			buildSettings = {
				ASSETCATALOG_COMPILER_APPICON_NAME = AppIcon;
				CODE_SIGN_STYLE = Automatic;
				INFOPLIST_FILE = TaskManageriOS/Info.plist;
				LD_RUNPATH_SEARCH_PATHS = (
					"$(inherited)",
					"@executable_path/Frameworks",
				);
				PRODUCT_BUNDLE_IDENTIFIER = com.hello.TaskManageriOS;
				PRODUCT_NAME = "$(TARGET_NAME)";
				SWIFT_VERSION = 5.0;
				TARGETED_DEVICE_FAMILY = "1,2";
			};
			name = Debug;
		};
		96C5806B243A7401008CB517 /* Release */ = {
			isa = XCBuildConfiguration;
			buildSettings = {
				ASSETCATALOG_COMPILER_APPICON_NAME = AppIcon;
				CODE_SIGN_STYLE = Automatic;
				INFOPLIST_FILE = TaskManageriOS/Info.plist;
				LD_RUNPATH_SEARCH_PATHS = (
					"$(inherited)",
					"@executable_path/Frameworks",
				);
				PRODUCT_BUNDLE_IDENTIFIER = com.hello.TaskManageriOS;
				PRODUCT_NAME = "$(TARGET_NAME)";
				SWIFT_VERSION = 5.0;
				TARGETED_DEVICE_FAMILY = "1,2";
			};
			name = Release;
		};
/* End XCBuildConfiguration section */

/* Begin XCConfigurationList section */
		96C58050243A73FF008CB517 /* Build configuration list for PBXProject "TaskManageriOS" */ = {
			isa = XCConfigurationList;
			buildConfigurations = (
				96C58067243A7401008CB517 /* Debug */,
				96C58068243A7401008CB517 /* Release */,
			);
			defaultConfigurationIsVisible = 0;
			defaultConfigurationName = Release;
		};
		96C58069243A7401008CB517 /* Build configuration list for PBXNativeTarget "TaskManageriOS" */ = {
			isa = XCConfigurationList;
			buildConfigurations = (
				96C5806A243A7401008CB517 /* Debug */,
				96C5806B243A7401008CB517 /* Release */,
			);
			defaultConfigurationIsVisible = 0;
			defaultConfigurationName = Release;
		};
/* End XCConfigurationList section */
	};
	rootObject = 96C5804D243A73FF008CB517 /* Project object */;
}
