// !$*UTF8*$!
{
	archiveVersion = 1;
	classes = {
	};
	objectVersion = 51;
	objects = {

/* Begin PBXBuildFile section */
		96514ED3243C9B57009A13B3 /* GoogleService-Info.plist in Resources */ = {isa = PBXBuildFile; fileRef = 96514ED2243C9B57009A13B3 /* GoogleService-Info.plist */; };
		967173D3250BF7BE001A9956 /* HomeUIViewController.swift in Sources */ = {isa = PBXBuildFile; fileRef = 967173D2250BF7BE001A9956 /* HomeUIViewController.swift */; };
		967173D5250BF7D2001A9956 /* ProfileViewController.swift in Sources */ = {isa = PBXBuildFile; fileRef = 967173D4250BF7D2001A9956 /* ProfileViewController.swift */; };
		967173D8250BF992001A9956 /* LogInViewController.swift in Sources */ = {isa = PBXBuildFile; fileRef = 967173D7250BF992001A9956 /* LogInViewController.swift */; };
		967173DA250BF9B2001A9956 /* RegistrationViewController.swift in Sources */ = {isa = PBXBuildFile; fileRef = 967173D9250BF9B2001A9956 /* RegistrationViewController.swift */; };
		967173DC250BF9E0001A9956 /* AuthManager.swift in Sources */ = {isa = PBXBuildFile; fileRef = 967173DB250BF9E0001A9956 /* AuthManager.swift */; };
		967173DE250BF9F4001A9956 /* DatabaseManager.swift in Sources */ = {isa = PBXBuildFile; fileRef = 967173DD250BF9F4001A9956 /* DatabaseManager.swift */; };
		967173E0250BFA04001A9956 /* StorageManager.swift in Sources */ = {isa = PBXBuildFile; fileRef = 967173DF250BFA04001A9956 /* StorageManager.swift */; };
		96C58059243A73FF008CB517 /* AppDelegate.swift in Sources */ = {isa = PBXBuildFile; fileRef = 96C58058243A73FF008CB517 /* AppDelegate.swift */; };
		96C5805B243A73FF008CB517 /* SceneDelegate.swift in Sources */ = {isa = PBXBuildFile; fileRef = 96C5805A243A73FF008CB517 /* SceneDelegate.swift */; };
		96C58060243A73FF008CB517 /* Main.storyboard in Resources */ = {isa = PBXBuildFile; fileRef = 96C5805E243A73FF008CB517 /* Main.storyboard */; };
		96C58062243A7401008CB517 /* Assets.xcassets in Resources */ = {isa = PBXBuildFile; fileRef = 96C58061243A7401008CB517 /* Assets.xcassets */; };
		96C58065243A7401008CB517 /* LaunchScreen.storyboard in Resources */ = {isa = PBXBuildFile; fileRef = 96C58063243A7401008CB517 /* LaunchScreen.storyboard */; };
		E993C0F35BF0D5336A0F5824 /* Pods_TaskManageriOS.framework in Frameworks */ = {isa = PBXBuildFile; fileRef = 664C5B9654D49DD0CCFAAF8A /* Pods_TaskManageriOS.framework */; };
/* End PBXBuildFile section */

/* Begin PBXFileReference section */
		664C5B9654D49DD0CCFAAF8A /* Pods_TaskManageriOS.framework */ = {isa = PBXFileReference; explicitFileType = wrapper.framework; includeInIndex = 0; path = Pods_TaskManageriOS.framework; sourceTree = BUILT_PRODUCTS_DIR; };
		891348AABD9654C97A732B58 /* Pods-TaskManageriOS.release.xcconfig */ = {isa = PBXFileReference; includeInIndex = 1; lastKnownFileType = text.xcconfig; name = "Pods-TaskManageriOS.release.xcconfig"; path = "Target Support Files/Pods-TaskManageriOS/Pods-TaskManageriOS.release.xcconfig"; sourceTree = "<group>"; };
		96514ED2243C9B57009A13B3 /* GoogleService-Info.plist */ = {isa = PBXFileReference; fileEncoding = 4; lastKnownFileType = text.plist.xml; path = "GoogleService-Info.plist"; sourceTree = "<group>"; };
		967173D2250BF7BE001A9956 /* HomeUIViewController.swift */ = {isa = PBXFileReference; lastKnownFileType = sourcecode.swift; path = HomeUIViewController.swift; sourceTree = "<group>"; };
		967173D4250BF7D2001A9956 /* ProfileViewController.swift */ = {isa = PBXFileReference; lastKnownFileType = sourcecode.swift; path = ProfileViewController.swift; sourceTree = "<group>"; };
		967173D7250BF992001A9956 /* LogInViewController.swift */ = {isa = PBXFileReference; lastKnownFileType = sourcecode.swift; path = LogInViewController.swift; sourceTree = "<group>"; };
		967173D9250BF9B2001A9956 /* RegistrationViewController.swift */ = {isa = PBXFileReference; lastKnownFileType = sourcecode.swift; path = RegistrationViewController.swift; sourceTree = "<group>"; };
		967173DB250BF9E0001A9956 /* AuthManager.swift */ = {isa = PBXFileReference; lastKnownFileType = sourcecode.swift; path = AuthManager.swift; sourceTree = "<group>"; };
		967173DD250BF9F4001A9956 /* DatabaseManager.swift */ = {isa = PBXFileReference; lastKnownFileType = sourcecode.swift; path = DatabaseManager.swift; sourceTree = "<group>"; };
		967173DF250BFA04001A9956 /* StorageManager.swift */ = {isa = PBXFileReference; lastKnownFileType = sourcecode.swift; path = StorageManager.swift; sourceTree = "<group>"; };
		96C58055243A73FF008CB517 /* TaskManageriOS.app */ = {isa = PBXFileReference; explicitFileType = wrapper.application; includeInIndex = 0; path = TaskManageriOS.app; sourceTree = BUILT_PRODUCTS_DIR; };
		96C58058243A73FF008CB517 /* AppDelegate.swift */ = {isa = PBXFileReference; lastKnownFileType = sourcecode.swift; path = AppDelegate.swift; sourceTree = "<group>"; };
		96C5805A243A73FF008CB517 /* SceneDelegate.swift */ = {isa = PBXFileReference; lastKnownFileType = sourcecode.swift; path = SceneDelegate.swift; sourceTree = "<group>"; };
		96C5805F243A73FF008CB517 /* Base */ = {isa = PBXFileReference; lastKnownFileType = file.storyboard; name = Base; path = Base.lproj/Main.storyboard; sourceTree = "<group>"; };
		96C58061243A7401008CB517 /* Assets.xcassets */ = {isa = PBXFileReference; lastKnownFileType = folder.assetcatalog; path = Assets.xcassets; sourceTree = "<group>"; };
		96C58064243A7401008CB517 /* Base */ = {isa = PBXFileReference; lastKnownFileType = file.storyboard; name = Base; path = Base.lproj/LaunchScreen.storyboard; sourceTree = "<group>"; };
		96C58066243A7401008CB517 /* Info.plist */ = {isa = PBXFileReference; lastKnownFileType = text.plist.xml; path = Info.plist; sourceTree = "<group>"; };
		B5C6074F9EEAAA7557D88A34 /* Pods-TaskManageriOS.debug.xcconfig */ = {isa = PBXFileReference; includeInIndex = 1; lastKnownFileType = text.xcconfig; name = "Pods-TaskManageriOS.debug.xcconfig"; path = "Target Support Files/Pods-TaskManageriOS/Pods-TaskManageriOS.debug.xcconfig"; sourceTree = "<group>"; };
/* End PBXFileReference section */

/* Begin PBXFrameworksBuildPhase section */
		96C58052243A73FF008CB517 /* Frameworks */ = {
			isa = PBXFrameworksBuildPhase;
			buildActionMask = 2147483647;
			files = (
				E993C0F35BF0D5336A0F5824 /* Pods_TaskManageriOS.framework in Frameworks */,
			);
			runOnlyForDeploymentPostprocessing = 0;
		};
/* End PBXFrameworksBuildPhase section */

/* Begin PBXGroup section */
		967173CB250BF6F0001A9956 /* Views */ = {
			isa = PBXGroup;
			children = (
				967173D0250BF78F001A9956 /* StoryBoards */,
			);
			path = Views;
			sourceTree = "<group>";
		};
		967173CC250BF6F7001A9956 /* Controllers */ = {
			isa = PBXGroup;
			children = (
				967173D6250BF975001A9956 /* Authentication */,
				967173D1250BF7A9001A9956 /* CoreUI */,
			);
			path = Controllers;
			sourceTree = "<group>";
		};
		967173CD250BF6FE001A9956 /* Models */ = {
			isa = PBXGroup;
			children = (
			);
			path = Models;
			sourceTree = "<group>";
		};
		967173CE250BF703001A9956 /* Resources */ = {
			isa = PBXGroup;
			children = (
				96C58058243A73FF008CB517 /* AppDelegate.swift */,
				96C5805A243A73FF008CB517 /* SceneDelegate.swift */,
				967173DB250BF9E0001A9956 /* AuthManager.swift */,
				967173DD250BF9F4001A9956 /* DatabaseManager.swift */,
				967173DF250BFA04001A9956 /* StorageManager.swift */,
			);
			path = Resources;
			sourceTree = "<group>";
		};
		967173D0250BF78F001A9956 /* StoryBoards */ = {
			isa = PBXGroup;
			children = (
				96C5805E243A73FF008CB517 /* Main.storyboard */,
				96C58063243A7401008CB517 /* LaunchScreen.storyboard */,
			);
			path = StoryBoards;
			sourceTree = "<group>";
		};
		967173D1250BF7A9001A9956 /* CoreUI */ = {
			isa = PBXGroup;
			children = (
				967173D2250BF7BE001A9956 /* HomeUIViewController.swift */,
				967173D4250BF7D2001A9956 /* ProfileViewController.swift */,
			);
			path = CoreUI;
			sourceTree = "<group>";
		};
		967173D6250BF975001A9956 /* Authentication */ = {
			isa = PBXGroup;
			children = (
				967173D7250BF992001A9956 /* LogInViewController.swift */,
				967173D9250BF9B2001A9956 /* RegistrationViewController.swift */,
			);
			path = Authentication;
			sourceTree = "<group>";
		};
		96C5804C243A73FF008CB517 = {
			isa = PBXGroup;
			children = (
				96C58057243A73FF008CB517 /* TaskManageriOS */,
				96C58056243A73FF008CB517 /* Products */,
				B70F01C1C4B0FBD2E32D0F89 /* Pods */,
				ABBE39FB6156E1FF3B3BB5EF /* Frameworks */,
			);
			sourceTree = "<group>";
		};
		96C58056243A73FF008CB517 /* Products */ = {
			isa = PBXGroup;
			children = (
				96C58055243A73FF008CB517 /* TaskManageriOS.app */,
			);
			name = Products;
			sourceTree = "<group>";
		};
		96C58057243A73FF008CB517 /* TaskManageriOS */ = {
			isa = PBXGroup;
			children = (
				967173CE250BF703001A9956 /* Resources */,
				967173CD250BF6FE001A9956 /* Models */,
				967173CC250BF6F7001A9956 /* Controllers */,
				967173CB250BF6F0001A9956 /* Views */,
				96514ED2243C9B57009A13B3 /* GoogleService-Info.plist */,
				96C58061243A7401008CB517 /* Assets.xcassets */,
				96C58066243A7401008CB517 /* Info.plist */,
			);
			path = TaskManageriOS;
			sourceTree = "<group>";
		};
		ABBE39FB6156E1FF3B3BB5EF /* Frameworks */ = {
			isa = PBXGroup;
			children = (
				664C5B9654D49DD0CCFAAF8A /* Pods_TaskManageriOS.framework */,
			);
			name = Frameworks;
			sourceTree = "<group>";
		};
		B70F01C1C4B0FBD2E32D0F89 /* Pods */ = {
			isa = PBXGroup;
			children = (
				B5C6074F9EEAAA7557D88A34 /* Pods-TaskManageriOS.debug.xcconfig */,
				891348AABD9654C97A732B58 /* Pods-TaskManageriOS.release.xcconfig */,
			);
			path = Pods;
			sourceTree = "<group>";
		};
/* End PBXGroup section */

/* Begin PBXNativeTarget section */
		96C58054243A73FF008CB517 /* TaskManageriOS */ = {
			isa = PBXNativeTarget;
			buildConfigurationList = 96C58069243A7401008CB517 /* Build configuration list for PBXNativeTarget "TaskManageriOS" */;
			buildPhases = (
				D7F57A278A999D971CD7A377 /* [CP] Check Pods Manifest.lock */,
				96C58051243A73FF008CB517 /* Sources */,
				96C58052243A73FF008CB517 /* Frameworks */,
				96C58053243A73FF008CB517 /* Resources */,
				FF800D534B9DD192B92A55C5 /* [CP] Embed Pods Frameworks */,
			);
			buildRules = (
			);
			dependencies = (
			);
			name = TaskManageriOS;
			productName = TaskManageriOS;
			productReference = 96C58055243A73FF008CB517 /* TaskManageriOS.app */;
			productType = "com.apple.product-type.application";
		};
/* End PBXNativeTarget section */

/* Begin PBXProject section */
		96C5804D243A73FF008CB517 /* Project object */ = {
			isa = PBXProject;
			attributes = {
				LastSwiftUpdateCheck = 1130;
				LastUpgradeCheck = 1130;
				ORGANIZATIONNAME = "Sanviraj Zahin Haque";
				TargetAttributes = {
					96C58054243A73FF008CB517 = {
						CreatedOnToolsVersion = 11.3;
					};
				};
			};
			buildConfigurationList = 96C58050243A73FF008CB517 /* Build configuration list for PBXProject "TaskManageriOS" */;
			compatibilityVersion = "Xcode 9.3";
			developmentRegion = en;
			hasScannedForEncodings = 0;
			knownRegions = (
				en,
				Base,
			);
			mainGroup = 96C5804C243A73FF008CB517;
			productRefGroup = 96C58056243A73FF008CB517 /* Products */;
			projectDirPath = "";
			projectRoot = "";
			targets = (
				96C58054243A73FF008CB517 /* TaskManageriOS */,
			);
		};
/* End PBXProject section */

/* Begin PBXResourcesBuildPhase section */
		96C58053243A73FF008CB517 /* Resources */ = {
			isa = PBXResourcesBuildPhase;
			buildActionMask = 2147483647;
			files = (
				96C58065243A7401008CB517 /* LaunchScreen.storyboard in Resources */,
				96514ED3243C9B57009A13B3 /* GoogleService-Info.plist in Resources */,
				96C58062243A7401008CB517 /* Assets.xcassets in Resources */,
				96C58060243A73FF008CB517 /* Main.storyboard in Resources */,
			);
			runOnlyForDeploymentPostprocessing = 0;
		};
/* End PBXResourcesBuildPhase section */

/* Begin PBXShellScriptBuildPhase section */
		D7F57A278A999D971CD7A377 /* [CP] Check Pods Manifest.lock */ = {
			isa = PBXShellScriptBuildPhase;
			buildActionMask = 2147483647;
			files = (
			);
			inputFileListPaths = (
			);
			inputPaths = (
				"${PODS_PODFILE_DIR_PATH}/Podfile.lock",
				"${PODS_ROOT}/Manifest.lock",
			);
			name = "[CP] Check Pods Manifest.lock";
			outputFileListPaths = (
			);
			outputPaths = (
				"$(DERIVED_FILE_DIR)/Pods-TaskManageriOS-checkManifestLockResult.txt",
			);
			runOnlyForDeploymentPostprocessing = 0;
			shellPath = /bin/sh;
			shellScript = "diff \"${PODS_PODFILE_DIR_PATH}/Podfile.lock\" \"${PODS_ROOT}/Manifest.lock\" > /dev/null\nif [ $? != 0 ] ; then\n    # print error to STDERR\n    echo \"error: The sandbox is not in sync with the Podfile.lock. Run 'pod install' or update your CocoaPods installation.\" >&2\n    exit 1\nfi\n# This output is used by Xcode 'outputs' to avoid re-running this script phase.\necho \"SUCCESS\" > \"${SCRIPT_OUTPUT_FILE_0}\"\n";
			showEnvVarsInLog = 0;
		};
		FF800D534B9DD192B92A55C5 /* [CP] Embed Pods Frameworks */ = {
			isa = PBXShellScriptBuildPhase;
			buildActionMask = 2147483647;
			files = (
			);
			inputFileListPaths = (
				"${PODS_ROOT}/Target Support Files/Pods-TaskManageriOS/Pods-TaskManageriOS-frameworks-${CONFIGURATION}-input-files.xcfilelist",
			);
			name = "[CP] Embed Pods Frameworks";
			outputFileListPaths = (
				"${PODS_ROOT}/Target Support Files/Pods-TaskManageriOS/Pods-TaskManageriOS-frameworks-${CONFIGURATION}-output-files.xcfilelist",
			);
			runOnlyForDeploymentPostprocessing = 0;
			shellPath = /bin/sh;
			shellScript = "\"${PODS_ROOT}/Target Support Files/Pods-TaskManageriOS/Pods-TaskManageriOS-frameworks.sh\"\n";
			showEnvVarsInLog = 0;
		};
/* End PBXShellScriptBuildPhase section */

/* Begin PBXSourcesBuildPhase section */
		96C58051243A73FF008CB517 /* Sources */ = {
			isa = PBXSourcesBuildPhase;
			buildActionMask = 2147483647;
			files = (
				967173DE250BF9F4001A9956 /* DatabaseManager.swift in Sources */,
				967173DA250BF9B2001A9956 /* RegistrationViewController.swift in Sources */,
				967173DC250BF9E0001A9956 /* AuthManager.swift in Sources */,
				967173E0250BFA04001A9956 /* StorageManager.swift in Sources */,
				967173D3250BF7BE001A9956 /* HomeUIViewController.swift in Sources */,
				96C58059243A73FF008CB517 /* AppDelegate.swift in Sources */,
				967173D5250BF7D2001A9956 /* ProfileViewController.swift in Sources */,
				967173D8250BF992001A9956 /* LogInViewController.swift in Sources */,
				96C5805B243A73FF008CB517 /* SceneDelegate.swift in Sources */,
			);
			runOnlyForDeploymentPostprocessing = 0;
		};
/* End PBXSourcesBuildPhase section */

/* Begin PBXVariantGroup section */
		96C5805E243A73FF008CB517 /* Main.storyboard */ = {
			isa = PBXVariantGroup;
			children = (
				96C5805F243A73FF008CB517 /* Base */,
			);
			name = Main.storyboard;
			sourceTree = "<group>";
		};
		96C58063243A7401008CB517 /* LaunchScreen.storyboard */ = {
			isa = PBXVariantGroup;
			children = (
				96C58064243A7401008CB517 /* Base */,
			);
			name = LaunchScreen.storyboard;
			sourceTree = "<group>";
		};
/* End PBXVariantGroup section */

/* Begin XCBuildConfiguration section */
		96C58067243A7401008CB517 /* Debug */ = {
			isa = XCBuildConfiguration;
			buildSettings = {
				ALWAYS_SEARCH_USER_PATHS = NO;
				CLANG_ANALYZER_NONNULL = YES;
				CLANG_ANALYZER_NUMBER_OBJECT_CONVERSION = YES_AGGRESSIVE;
				CLANG_CXX_LANGUAGE_STANDARD = "gnu++14";
				CLANG_CXX_LIBRARY = "libc++";
				CLANG_ENABLE_MODULES = YES;
				CLANG_ENABLE_OBJC_ARC = YES;
				CLANG_ENABLE_OBJC_WEAK = YES;
				CLANG_WARN_BLOCK_CAPTURE_AUTORELEASING = YES;
				CLANG_WARN_BOOL_CONVERSION = YES;
				CLANG_WARN_COMMA = YES;
				CLANG_WARN_CONSTANT_CONVERSION = YES;
				CLANG_WARN_DEPRECATED_OBJC_IMPLEMENTATIONS = YES;
				CLANG_WARN_DIRECT_OBJC_ISA_USAGE = YES_ERROR;
				CLANG_WARN_DOCUMENTATION_COMMENTS = YES;
				CLANG_WARN_EMPTY_BODY = YES;
				CLANG_WARN_ENUM_CONVERSION = YES;
				CLANG_WARN_INFINITE_RECURSION = YES;
				CLANG_WARN_INT_CONVERSION = YES;
				CLANG_WARN_NON_LITERAL_NULL_CONVERSION = YES;
				CLANG_WARN_OBJC_IMPLICIT_RETAIN_SELF = YES;
				CLANG_WARN_OBJC_LITERAL_CONVERSION = YES;
				CLANG_WARN_OBJC_ROOT_CLASS = YES_ERROR;
				CLANG_WARN_RANGE_LOOP_ANALYSIS = YES;
				CLANG_WARN_STRICT_PROTOTYPES = YES;
				CLANG_WARN_SUSPICIOUS_MOVE = YES;
				CLANG_WARN_UNGUARDED_AVAILABILITY = YES_AGGRESSIVE;
				CLANG_WARN_UNREACHABLE_CODE = YES;
				CLANG_WARN__DUPLICATE_METHOD_MATCH = YES;
				COPY_PHASE_STRIP = NO;
				DEBUG_INFORMATION_FORMAT = dwarf;
				ENABLE_STRICT_OBJC_MSGSEND = YES;
				ENABLE_TESTABILITY = YES;
				GCC_C_LANGUAGE_STANDARD = gnu11;
				GCC_DYNAMIC_NO_PIC = NO;
				GCC_NO_COMMON_BLOCKS = YES;
				GCC_OPTIMIZATION_LEVEL = 0;
				GCC_PREPROCESSOR_DEFINITIONS = (
					"DEBUG=1",
					"$(inherited)",
				);
				GCC_WARN_64_TO_32_BIT_CONVERSION = YES;
				GCC_WARN_ABOUT_RETURN_TYPE = YES_ERROR;
				GCC_WARN_UNDECLARED_SELECTOR = YES;
				GCC_WARN_UNINITIALIZED_AUTOS = YES_AGGRESSIVE;
				GCC_WARN_UNUSED_FUNCTION = YES;
				GCC_WARN_UNUSED_VARIABLE = YES;
				IPHONEOS_DEPLOYMENT_TARGET = 13.2;
				MTL_ENABLE_DEBUG_INFO = INCLUDE_SOURCE;
				MTL_FAST_MATH = YES;
				ONLY_ACTIVE_ARCH = YES;
				SDKROOT = iphoneos;
				SWIFT_ACTIVE_COMPILATION_CONDITIONS = DEBUG;
				SWIFT_OPTIMIZATION_LEVEL = "-Onone";
			};
			name = Debug;
		};
		96C58068243A7401008CB517 /* Release */ = {
			isa = XCBuildConfiguration;
			buildSettings = {
				ALWAYS_SEARCH_USER_PATHS = NO;
				CLANG_ANALYZER_NONNULL = YES;
				CLANG_ANALYZER_NUMBER_OBJECT_CONVERSION = YES_AGGRESSIVE;
				CLANG_CXX_LANGUAGE_STANDARD = "gnu++14";
				CLANG_CXX_LIBRARY = "libc++";
				CLANG_ENABLE_MODULES = YES;
				CLANG_ENABLE_OBJC_ARC = YES;
				CLANG_ENABLE_OBJC_WEAK = YES;
				CLANG_WARN_BLOCK_CAPTURE_AUTORELEASING = YES;
				CLANG_WARN_BOOL_CONVERSION = YES;
				CLANG_WARN_COMMA = YES;
				CLANG_WARN_CONSTANT_CONVERSION = YES;
				CLANG_WARN_DEPRECATED_OBJC_IMPLEMENTATIONS = YES;
				CLANG_WARN_DIRECT_OBJC_ISA_USAGE = YES_ERROR;
				CLANG_WARN_DOCUMENTATION_COMMENTS = YES;
				CLANG_WARN_EMPTY_BODY = YES;
				CLANG_WARN_ENUM_CONVERSION = YES;
				CLANG_WARN_INFINITE_RECURSION = YES;
				CLANG_WARN_INT_CONVERSION = YES;
				CLANG_WARN_NON_LITERAL_NULL_CONVERSION = YES;
				CLANG_WARN_OBJC_IMPLICIT_RETAIN_SELF = YES;
				CLANG_WARN_OBJC_LITERAL_CONVERSION = YES;
				CLANG_WARN_OBJC_ROOT_CLASS = YES_ERROR;
				CLANG_WARN_RANGE_LOOP_ANALYSIS = YES;
				CLANG_WARN_STRICT_PROTOTYPES = YES;
				CLANG_WARN_SUSPICIOUS_MOVE = YES;
				CLANG_WARN_UNGUARDED_AVAILABILITY = YES_AGGRESSIVE;
				CLANG_WARN_UNREACHABLE_CODE = YES;
				CLANG_WARN__DUPLICATE_METHOD_MATCH = YES;
				COPY_PHASE_STRIP = NO;
				DEBUG_INFORMATION_FORMAT = "dwarf-with-dsym";
				ENABLE_NS_ASSERTIONS = NO;
				ENABLE_STRICT_OBJC_MSGSEND = YES;
				GCC_C_LANGUAGE_STANDARD = gnu11;
				GCC_NO_COMMON_BLOCKS = YES;
				GCC_WARN_64_TO_32_BIT_CONVERSION = YES;
				GCC_WARN_ABOUT_RETURN_TYPE = YES_ERROR;
				GCC_WARN_UNDECLARED_SELECTOR = YES;
				GCC_WARN_UNINITIALIZED_AUTOS = YES_AGGRESSIVE;
				GCC_WARN_UNUSED_FUNCTION = YES;
				GCC_WARN_UNUSED_VARIABLE = YES;
				IPHONEOS_DEPLOYMENT_TARGET = 13.2;
				MTL_ENABLE_DEBUG_INFO = NO;
				MTL_FAST_MATH = YES;
				SDKROOT = iphoneos;
				SWIFT_COMPILATION_MODE = wholemodule;
				SWIFT_OPTIMIZATION_LEVEL = "-O";
				VALIDATE_PRODUCT = YES;
			};
			name = Release;
		};
		96C5806A243A7401008CB517 /* Debug */ = {
			isa = XCBuildConfiguration;
			baseConfigurationReference = B5C6074F9EEAAA7557D88A34 /* Pods-TaskManageriOS.debug.xcconfig */;
			buildSettings = {
				ASSETCATALOG_COMPILER_APPICON_NAME = AppIcon;
				CODE_SIGN_STYLE = Automatic;
				INFOPLIST_FILE = TaskManageriOS/Info.plist;
				IPHONEOS_DEPLOYMENT_TARGET = 13.4;
				LD_RUNPATH_SEARCH_PATHS = (
					"$(inherited)",
					"@executable_path/Frameworks",
				);
				PRODUCT_BUNDLE_IDENTIFIER = com.hello.TaskManageriOS;
				PRODUCT_NAME = "$(TARGET_NAME)";
				SWIFT_VERSION = 5.0;
				TARGETED_DEVICE_FAMILY = "1,2";
			};
			name = Debug;
		};
		96C5806B243A7401008CB517 /* Release */ = {
			isa = XCBuildConfiguration;
			baseConfigurationReference = 891348AABD9654C97A732B58 /* Pods-TaskManageriOS.release.xcconfig */;
			buildSettings = {
				ASSETCATALOG_COMPILER_APPICON_NAME = AppIcon;
				CODE_SIGN_STYLE = Automatic;
				INFOPLIST_FILE = TaskManageriOS/Info.plist;
				IPHONEOS_DEPLOYMENT_TARGET = 13.4;
				LD_RUNPATH_SEARCH_PATHS = (
					"$(inherited)",
					"@executable_path/Frameworks",
				);
				PRODUCT_BUNDLE_IDENTIFIER = com.hello.TaskManageriOS;
				PRODUCT_NAME = "$(TARGET_NAME)";
				SWIFT_VERSION = 5.0;
				TARGETED_DEVICE_FAMILY = "1,2";
			};
			name = Release;
		};
/* End XCBuildConfiguration section */

/* Begin XCConfigurationList section */
		96C58050243A73FF008CB517 /* Build configuration list for PBXProject "TaskManageriOS" */ = {
			isa = XCConfigurationList;
			buildConfigurations = (
				96C58067243A7401008CB517 /* Debug */,
				96C58068243A7401008CB517 /* Release */,
			);
			defaultConfigurationIsVisible = 0;
			defaultConfigurationName = Release;
		};
		96C58069243A7401008CB517 /* Build configuration list for PBXNativeTarget "TaskManageriOS" */ = {
			isa = XCConfigurationList;
			buildConfigurations = (
				96C5806A243A7401008CB517 /* Debug */,
				96C5806B243A7401008CB517 /* Release */,
			);
			defaultConfigurationIsVisible = 0;
			defaultConfigurationName = Release;
		};
/* End XCConfigurationList section */
	};
	rootObject = 96C5804D243A73FF008CB517 /* Project object */;
}
